
Microsoft Visual Studio Solution File, Format Version 12.00
# Visual Studio Version 17
VisualStudioVersion = 17.3.32819.101
MinimumVisualStudioVersion = 10.0.40219.1
Project("{8BC9CEB8-8B4A-11D0-8D11-00A0C91BC942}") = "WindowsProject1", "WindowsProject1\WindowsProject1.vcxproj", "{6CC882FC-02BF-4853-8F24-219AE246C533}"
EndProject
Global
	GlobalSection(SolutionConfigurationPlatforms) = preSolution
		Debug|x64 = Debug|x64
		Debug|x86 = Debug|x86
		Release|x64 = Release|x64
		Release|x86 = Release|x86
	EndGlobalSection
	GlobalSection(ProjectConfigurationPlatforms) = postSolution
		{6CC882FC-02BF-4853-8F24-219AE246C533}.Debug|x64.ActiveCfg = Debug|x64
		{6CC882FC-02BF-4853-8F24-219AE246C533}.Debug|x64.Build.0 = Debug|x64
		{6CC882FC-02BF-4853-8F24-219AE246C533}.Debug|x86.ActiveCfg = Debug|Win32
		{6CC882FC-02BF-4853-8F24-219AE246C533}.Debug|x86.Build.0 = Debug|Win32
		{6CC882FC-02BF-4853-8F24-219AE246C533}.Release|x64.ActiveCfg = Release|x64
		{6CC882FC-02BF-4853-8F24-219AE246C533}.Release|x64.Build.0 = Release|x64
		{6CC882FC-02BF-4853-8F24-219AE246C533}.Release|x86.ActiveCfg = Release|Win32
		{6CC882FC-02BF-4853-8F24-219AE246C533}.Release|x86.Build.0 = Release|Win32
	EndGlobalSection
	GlobalSection(SolutionProperties) = preSolution
		HideSolutionNode = FALSE
	EndGlobalSection
	GlobalSection(ExtensibilityGlobals) = postSolution
		SolutionGuid = {95F1987C-6C38-410C-B485-89B06DFF7EA3}
	EndGlobalSection
EndGlobal
